// !$*UTF8*$!
{
	archiveVersion = 1;
	classes = {
	};
	objectVersion = 50;
	objects = {

/* Begin PBXBuildFile section */
		84A3EBDA212EADBD00E22F69 /* security-CoreFoundation.mm in Sources */ = {isa = PBXBuildFile; fileRef = 84A3EBD9212EADBD00E22F69 /* security-CoreFoundation.mm */; };
		84A3EBF0212EB33B00E22F69 /* mem.c in Sources */ = {isa = PBXBuildFile; fileRef = 84A3EBEF212EB33B00E22F69 /* mem.c */; };
		84A3EBFA212EE0EA00E22F69 /* SecScanUtil.mm in Sources */ = {isa = PBXBuildFile; fileRef = 84A3EBF8212EE0EA00E22F69 /* SecScanUtil.mm */; };
		84A3EC09212EE86100E22F69 /* parser_util.c in Sources */ = {isa = PBXBuildFile; fileRef = 84A3EBE1212EB32900E22F69 /* parser_util.c */; };
		84A3EC0A212EE86100E22F69 /* parse_symbols.c in Sources */ = {isa = PBXBuildFile; fileRef = 84A3EBE3212EB32900E22F69 /* parse_symbols.c */; };
		84A3EC0B212EE86100E22F69 /* dylib_info.c in Sources */ = {isa = PBXBuildFile; fileRef = 84A3EBE4212EB32900E22F69 /* dylib_info.c */; };
		84A3EC0C212EE86100E22F69 /* parse_header.c in Sources */ = {isa = PBXBuildFile; fileRef = 84A3EBE5212EB32900E22F69 /* parse_header.c */; };
		84A3EC0D212EE86100E22F69 /* parse_load_cmd.c in Sources */ = {isa = PBXBuildFile; fileRef = 84A3EBE7212EB32900E22F69 /* parse_load_cmd.c */; };
		84A3EC0F212EE9B000E22F69 /* mach_parser.c in Sources */ = {isa = PBXBuildFile; fileRef = 84A3EBEB212EB32900E22F69 /* mach_parser.c */; };
		84A3EC10212EEA5800E22F69 /* security-CoreFoundation.h in CopyFiles */ = {isa = PBXBuildFile; fileRef = 84A3EBD8212EADA500E22F69 /* security-CoreFoundation.h */; };
/* End PBXBuildFile section */

/* Begin PBXCopyFilesBuildPhase section */
		84A3EBC9212EAC8100E22F69 /* CopyFiles */ = {
			isa = PBXCopyFilesBuildPhase;
			buildActionMask = 2147483647;
			dstPath = "include/$(PRODUCT_NAME)";
			dstSubfolderSpec = 16;
			files = (
				84A3EC10212EEA5800E22F69 /* security-CoreFoundation.h in CopyFiles */,
			);
			runOnlyForDeploymentPostprocessing = 0;
		};
/* End PBXCopyFilesBuildPhase section */

/* Begin PBXFileReference section */
		84A3EBCB212EAC8100E22F69 /* libsecurity-CoreFoundation.a */ = {isa = PBXFileReference; explicitFileType = archive.ar; includeInIndex = 0; path = "libsecurity-CoreFoundation.a"; sourceTree = BUILT_PRODUCTS_DIR; };
		84A3EBD8212EADA500E22F69 /* security-CoreFoundation.h */ = {isa = PBXFileReference; lastKnownFileType = sourcecode.c.h; path = "security-CoreFoundation.h"; sourceTree = "<group>"; };
		84A3EBD9212EADBD00E22F69 /* security-CoreFoundation.mm */ = {isa = PBXFileReference; lastKnownFileType = sourcecode.cpp.objcpp; path = "security-CoreFoundation.mm"; sourceTree = "<group>"; };
		84A3EBE1212EB32900E22F69 /* parser_util.c */ = {isa = PBXFileReference; lastKnownFileType = sourcecode.c.c; path = parser_util.c; sourceTree = "<group>"; };
		84A3EBE2212EB32900E22F69 /* parse_load_cmd.h */ = {isa = PBXFileReference; lastKnownFileType = sourcecode.c.h; path = parse_load_cmd.h; sourceTree = "<group>"; };
		84A3EBE3212EB32900E22F69 /* parse_symbols.c */ = {isa = PBXFileReference; lastKnownFileType = sourcecode.c.c; path = parse_symbols.c; sourceTree = "<group>"; };
		84A3EBE4212EB32900E22F69 /* dylib_info.c */ = {isa = PBXFileReference; lastKnownFileType = sourcecode.c.c; path = dylib_info.c; sourceTree = "<group>"; };
		84A3EBE5212EB32900E22F69 /* parse_header.c */ = {isa = PBXFileReference; lastKnownFileType = sourcecode.c.c; path = parse_header.c; sourceTree = "<group>"; };
		84A3EBE6212EB32900E22F69 /* mach_parser.h */ = {isa = PBXFileReference; lastKnownFileType = sourcecode.c.h; path = mach_parser.h; sourceTree = "<group>"; };
		84A3EBE7212EB32900E22F69 /* parse_load_cmd.c */ = {isa = PBXFileReference; lastKnownFileType = sourcecode.c.c; path = parse_load_cmd.c; sourceTree = "<group>"; };
		84A3EBE8212EB32900E22F69 /* parser_util.h */ = {isa = PBXFileReference; lastKnownFileType = sourcecode.c.h; path = parser_util.h; sourceTree = "<group>"; };
		84A3EBE9212EB32900E22F69 /* parser_structs.h */ = {isa = PBXFileReference; lastKnownFileType = sourcecode.c.h; path = parser_structs.h; sourceTree = "<group>"; };
		84A3EBEA212EB32900E22F69 /* parse_symbols.h */ = {isa = PBXFileReference; lastKnownFileType = sourcecode.c.h; path = parse_symbols.h; sourceTree = "<group>"; };
		84A3EBEB212EB32900E22F69 /* mach_parser.c */ = {isa = PBXFileReference; lastKnownFileType = sourcecode.c.c; path = mach_parser.c; sourceTree = "<group>"; };
		84A3EBEC212EB32900E22F69 /* parse_header.h */ = {isa = PBXFileReference; lastKnownFileType = sourcecode.c.h; path = parse_header.h; sourceTree = "<group>"; };
		84A3EBED212EB32900E22F69 /* dylib_info.h */ = {isa = PBXFileReference; lastKnownFileType = sourcecode.c.h; path = dylib_info.h; sourceTree = "<group>"; };
		84A3EBEE212EB33B00E22F69 /* mem.h */ = {isa = PBXFileReference; lastKnownFileType = sourcecode.c.h; path = mem.h; sourceTree = "<group>"; };
		84A3EBEF212EB33B00E22F69 /* mem.c */ = {isa = PBXFileReference; lastKnownFileType = sourcecode.c.c; path = mem.c; sourceTree = "<group>"; };
		84A3EBF1212EC12B00E22F69 /* securityHeader.h */ = {isa = PBXFileReference; lastKnownFileType = sourcecode.c.h; path = securityHeader.h; sourceTree = "<group>"; };
		84A3EBF8212EE0EA00E22F69 /* SecScanUtil.mm */ = {isa = PBXFileReference; fileEncoding = 4; lastKnownFileType = sourcecode.cpp.objcpp; path = SecScanUtil.mm; sourceTree = "<group>"; };
		84A3EBF9212EE0EA00E22F69 /* SecScanUtil.h */ = {isa = PBXFileReference; fileEncoding = 4; lastKnownFileType = sourcecode.c.h; path = SecScanUtil.h; sourceTree = "<group>"; };
		84A3EC00212EE7C300E22F69 /* libstdc++.tbd */ = {isa = PBXFileReference; lastKnownFileType = "sourcecode.text-based-dylib-definition"; name = "libstdc++.tbd"; path = "usr/lib/libstdc++.tbd"; sourceTree = SDKROOT; };
		84A3EC02212EE7DF00E22F69 /* libstdc++.6.tbd */ = {isa = PBXFileReference; lastKnownFileType = "sourcecode.text-based-dylib-definition"; name = "libstdc++.6.tbd"; path = "usr/lib/libstdc++.6.tbd"; sourceTree = SDKROOT; };
		84A3EC04212EE7F700E22F69 /* libc++.tbd */ = {isa = PBXFileReference; lastKnownFileType = "sourcecode.text-based-dylib-definition"; name = "libc++.tbd"; path = "usr/lib/libc++.tbd"; sourceTree = SDKROOT; };
/* End PBXFileReference section */

/* Begin PBXFrameworksBuildPhase section */
		84A3EBC8212EAC8100E22F69 /* Frameworks */ = {
			isa = PBXFrameworksBuildPhase;
			buildActionMask = 2147483647;
			files = (
			);
			runOnlyForDeploymentPostprocessing = 0;
		};
/* End PBXFrameworksBuildPhase section */

/* Begin PBXGroup section */
		84A3EBC2212EAC8100E22F69 = {
			isa = PBXGroup;
			children = (
				84A3EBCD212EAC8100E22F69 /* security-CoreFoundation */,
				84A3EBCC212EAC8100E22F69 /* Products */,
				84A3EBFF212EE7C300E22F69 /* Frameworks */,
			);
			sourceTree = "<group>";
		};
		84A3EBCC212EAC8100E22F69 /* Products */ = {
			isa = PBXGroup;
			children = (
				84A3EBCB212EAC8100E22F69 /* libsecurity-CoreFoundation.a */,
			);
			name = Products;
			sourceTree = "<group>";
		};
		84A3EBCD212EAC8100E22F69 /* security-CoreFoundation */ = {
			isa = PBXGroup;
			children = (
				84A3EBDE212EB32900E22F69 /* lib */,
				84A3EBDB212EB12600E22F69 /* utils */,
				84A3EBD8212EADA500E22F69 /* security-CoreFoundation.h */,
				84A3EBD9212EADBD00E22F69 /* security-CoreFoundation.mm */,
				84A3EBF1212EC12B00E22F69 /* securityHeader.h */,
			);
			path = "security-CoreFoundation";
			sourceTree = "<group>";
		};
		84A3EBDB212EB12600E22F69 /* utils */ = {
			isa = PBXGroup;
			children = (
				84A3EBF9212EE0EA00E22F69 /* SecScanUtil.h */,
				84A3EBF8212EE0EA00E22F69 /* SecScanUtil.mm */,
			);
			path = utils;
			sourceTree = "<group>";
		};
		84A3EBDE212EB32900E22F69 /* lib */ = {
			isa = PBXGroup;
			children = (
				84A3EBDF212EB32900E22F69 /* memory */,
				84A3EBE0212EB32900E22F69 /* macho */,
			);
			path = lib;
			sourceTree = "<group>";
		};
		84A3EBDF212EB32900E22F69 /* memory */ = {
			isa = PBXGroup;
			children = (
				84A3EBEE212EB33B00E22F69 /* mem.h */,
				84A3EBEF212EB33B00E22F69 /* mem.c */,
			);
			path = memory;
			sourceTree = "<group>";
		};
		84A3EBE0212EB32900E22F69 /* macho */ = {
			isa = PBXGroup;
			children = (
				84A3EBE1212EB32900E22F69 /* parser_util.c */,
				84A3EBE3212EB32900E22F69 /* parse_symbols.c */,
				84A3EBE4212EB32900E22F69 /* dylib_info.c */,
				84A3EBE5212EB32900E22F69 /* parse_header.c */,
				84A3EBE7212EB32900E22F69 /* parse_load_cmd.c */,
				84A3EBE8212EB32900E22F69 /* parser_util.h */,
				84A3EBE6212EB32900E22F69 /* mach_parser.h */,
				84A3EBE2212EB32900E22F69 /* parse_load_cmd.h */,
				84A3EBE9212EB32900E22F69 /* parser_structs.h */,
				84A3EBEA212EB32900E22F69 /* parse_symbols.h */,
				84A3EBEB212EB32900E22F69 /* mach_parser.c */,
				84A3EBEC212EB32900E22F69 /* parse_header.h */,
				84A3EBED212EB32900E22F69 /* dylib_info.h */,
			);
			path = macho;
			sourceTree = "<group>";
		};
		84A3EBFF212EE7C300E22F69 /* Frameworks */ = {
			isa = PBXGroup;
			children = (
				84A3EC04212EE7F700E22F69 /* libc++.tbd */,
				84A3EC02212EE7DF00E22F69 /* libstdc++.6.tbd */,
				84A3EC00212EE7C300E22F69 /* libstdc++.tbd */,
			);
			name = Frameworks;
			sourceTree = "<group>";
		};
/* End PBXGroup section */

/* Begin PBXNativeTarget section */
		84A3EBCA212EAC8100E22F69 /* security-CoreFoundation */ = {
			isa = PBXNativeTarget;
			buildConfigurationList = 84A3EBD4212EAC8100E22F69 /* Build configuration list for PBXNativeTarget "security-CoreFoundation" */;
			buildPhases = (
				84A3EBC7212EAC8100E22F69 /* Sources */,
				84A3EBC8212EAC8100E22F69 /* Frameworks */,
				84A3EBC9212EAC8100E22F69 /* CopyFiles */,
			);
			buildRules = (
			);
			dependencies = (
			);
			name = "security-CoreFoundation";
			productName = "security-CoreFoundation";
			productReference = 84A3EBCB212EAC8100E22F69 /* libsecurity-CoreFoundation.a */;
			productType = "com.apple.product-type.library.static";
		};
/* End PBXNativeTarget section */

/* Begin PBXProject section */
		84A3EBC3212EAC8100E22F69 /* Project object */ = {
			isa = PBXProject;
			attributes = {
				LastUpgradeCheck = 0940;
				ORGANIZATIONNAME = alipay;
				TargetAttributes = {
					84A3EBCA212EAC8100E22F69 = {
						CreatedOnToolsVersion = 9.4.1;
					};
				};
			};
			buildConfigurationList = 84A3EBC6212EAC8100E22F69 /* Build configuration list for PBXProject "security-CoreFoundation" */;
			compatibilityVersion = "Xcode 9.3";
			developmentRegion = en;
			hasScannedForEncodings = 0;
			knownRegions = (
				en,
			);
			mainGroup = 84A3EBC2212EAC8100E22F69;
			productRefGroup = 84A3EBCC212EAC8100E22F69 /* Products */;
			projectDirPath = "";
			projectRoot = "";
			targets = (
				84A3EBCA212EAC8100E22F69 /* security-CoreFoundation */,
			);
		};
/* End PBXProject section */

/* Begin PBXSourcesBuildPhase section */
		84A3EBC7212EAC8100E22F69 /* Sources */ = {
			isa = PBXSourcesBuildPhase;
			buildActionMask = 2147483647;
			files = (
				84A3EC0F212EE9B000E22F69 /* mach_parser.c in Sources */,
				84A3EC09212EE86100E22F69 /* parser_util.c in Sources */,
				84A3EC0A212EE86100E22F69 /* parse_symbols.c in Sources */,
				84A3EC0B212EE86100E22F69 /* dylib_info.c in Sources */,
				84A3EC0C212EE86100E22F69 /* parse_header.c in Sources */,
				84A3EC0D212EE86100E22F69 /* parse_load_cmd.c in Sources */,
				84A3EBFA212EE0EA00E22F69 /* SecScanUtil.mm in Sources */,
				84A3EBDA212EADBD00E22F69 /* security-CoreFoundation.mm in Sources */,
				84A3EBF0212EB33B00E22F69 /* mem.c in Sources */,
			);
			runOnlyForDeploymentPostprocessing = 0;
		};
/* End PBXSourcesBuildPhase section */

/* Begin XCBuildConfiguration section */
		84A3EBD2212EAC8100E22F69 /* Debug */ = {
			isa = XCBuildConfiguration;
			buildSettings = {
				ALWAYS_SEARCH_USER_PATHS = NO;
				CLANG_ANALYZER_NONNULL = YES;
				CLANG_ANALYZER_NUMBER_OBJECT_CONVERSION = YES_AGGRESSIVE;
				CLANG_CXX_LANGUAGE_STANDARD = "gnu++14";
				CLANG_CXX_LIBRARY = "libc++";
				CLANG_ENABLE_MODULES = YES;
				CLANG_ENABLE_OBJC_ARC = YES;
				CLANG_ENABLE_OBJC_WEAK = YES;
				CLANG_WARN_BLOCK_CAPTURE_AUTORELEASING = YES;
				CLANG_WARN_BOOL_CONVERSION = YES;
				CLANG_WARN_COMMA = YES;
				CLANG_WARN_CONSTANT_CONVERSION = YES;
				CLANG_WARN_DEPRECATED_OBJC_IMPLEMENTATIONS = YES;
				CLANG_WARN_DIRECT_OBJC_ISA_USAGE = YES_ERROR;
				CLANG_WARN_DOCUMENTATION_COMMENTS = YES;
				CLANG_WARN_EMPTY_BODY = YES;
				CLANG_WARN_ENUM_CONVERSION = YES;
				CLANG_WARN_INFINITE_RECURSION = YES;
				CLANG_WARN_INT_CONVERSION = YES;
				CLANG_WARN_NON_LITERAL_NULL_CONVERSION = YES;
				CLANG_WARN_OBJC_IMPLICIT_RETAIN_SELF = YES;
				CLANG_WARN_OBJC_LITERAL_CONVERSION = YES;
				CLANG_WARN_OBJC_ROOT_CLASS = YES_ERROR;
				CLANG_WARN_RANGE_LOOP_ANALYSIS = YES;
				CLANG_WARN_STRICT_PROTOTYPES = YES;
				CLANG_WARN_SUSPICIOUS_MOVE = YES;
				CLANG_WARN_UNGUARDED_AVAILABILITY = YES_AGGRESSIVE;
				CLANG_WARN_UNREACHABLE_CODE = YES;
				CLANG_WARN__DUPLICATE_METHOD_MATCH = YES;
				CODE_SIGN_IDENTITY = "iPhone Developer";
				COPY_PHASE_STRIP = NO;
				DEBUG_INFORMATION_FORMAT = dwarf;
				ENABLE_STRICT_OBJC_MSGSEND = YES;
				ENABLE_TESTABILITY = YES;
				GCC_C_LANGUAGE_STANDARD = gnu11;
				GCC_DYNAMIC_NO_PIC = NO;
				GCC_NO_COMMON_BLOCKS = YES;
				GCC_OPTIMIZATION_LEVEL = 0;
				GCC_PREPROCESSOR_DEFINITIONS = (
					"DEBUG=1",
					"$(inherited)",
				);
				GCC_WARN_64_TO_32_BIT_CONVERSION = YES;
				GCC_WARN_ABOUT_RETURN_TYPE = YES_ERROR;
				GCC_WARN_UNDECLARED_SELECTOR = YES;
				GCC_WARN_UNINITIALIZED_AUTOS = YES_AGGRESSIVE;
				GCC_WARN_UNUSED_FUNCTION = YES;
				GCC_WARN_UNUSED_VARIABLE = YES;
				IPHONEOS_DEPLOYMENT_TARGET = 11.4;
				MTL_ENABLE_DEBUG_INFO = YES;
				ONLY_ACTIVE_ARCH = YES;
				SDKROOT = iphoneos;
			};
			name = Debug;
		};
		84A3EBD3212EAC8100E22F69 /* Release */ = {
			isa = XCBuildConfiguration;
			buildSettings = {
				ALWAYS_SEARCH_USER_PATHS = NO;
				CLANG_ANALYZER_NONNULL = YES;
				CLANG_ANALYZER_NUMBER_OBJECT_CONVERSION = YES_AGGRESSIVE;
				CLANG_CXX_LANGUAGE_STANDARD = "gnu++14";
				CLANG_CXX_LIBRARY = "libc++";
				CLANG_ENABLE_MODULES = YES;
				CLANG_ENABLE_OBJC_ARC = YES;
				CLANG_ENABLE_OBJC_WEAK = YES;
				CLANG_WARN_BLOCK_CAPTURE_AUTORELEASING = YES;
				CLANG_WARN_BOOL_CONVERSION = YES;
				CLANG_WARN_COMMA = YES;
				CLANG_WARN_CONSTANT_CONVERSION = YES;
				CLANG_WARN_DEPRECATED_OBJC_IMPLEMENTATIONS = YES;
				CLANG_WARN_DIRECT_OBJC_ISA_USAGE = YES_ERROR;
				CLANG_WARN_DOCUMENTATION_COMMENTS = YES;
				CLANG_WARN_EMPTY_BODY = YES;
				CLANG_WARN_ENUM_CONVERSION = YES;
				CLANG_WARN_INFINITE_RECURSION = YES;
				CLANG_WARN_INT_CONVERSION = YES;
				CLANG_WARN_NON_LITERAL_NULL_CONVERSION = YES;
				CLANG_WARN_OBJC_IMPLICIT_RETAIN_SELF = YES;
				CLANG_WARN_OBJC_LITERAL_CONVERSION = YES;
				CLANG_WARN_OBJC_ROOT_CLASS = YES_ERROR;
				CLANG_WARN_RANGE_LOOP_ANALYSIS = YES;
				CLANG_WARN_STRICT_PROTOTYPES = YES;
				CLANG_WARN_SUSPICIOUS_MOVE = YES;
				CLANG_WARN_UNGUARDED_AVAILABILITY = YES_AGGRESSIVE;
				CLANG_WARN_UNREACHABLE_CODE = YES;
				CLANG_WARN__DUPLICATE_METHOD_MATCH = YES;
				CODE_SIGN_IDENTITY = "iPhone Developer";
				COPY_PHASE_STRIP = NO;
				DEBUG_INFORMATION_FORMAT = "dwarf-with-dsym";
				ENABLE_NS_ASSERTIONS = NO;
				ENABLE_STRICT_OBJC_MSGSEND = YES;
				GCC_C_LANGUAGE_STANDARD = gnu11;
				GCC_NO_COMMON_BLOCKS = YES;
				GCC_WARN_64_TO_32_BIT_CONVERSION = YES;
				GCC_WARN_ABOUT_RETURN_TYPE = YES_ERROR;
				GCC_WARN_UNDECLARED_SELECTOR = YES;
				GCC_WARN_UNINITIALIZED_AUTOS = YES_AGGRESSIVE;
				GCC_WARN_UNUSED_FUNCTION = YES;
				GCC_WARN_UNUSED_VARIABLE = YES;
				IPHONEOS_DEPLOYMENT_TARGET = 11.4;
				MTL_ENABLE_DEBUG_INFO = NO;
				SDKROOT = iphoneos;
				VALIDATE_PRODUCT = YES;
			};
			name = Release;
		};
		84A3EBD5212EAC8100E22F69 /* Debug */ = {
			isa = XCBuildConfiguration;
			buildSettings = {
				CODE_SIGN_STYLE = Automatic;
				ENABLE_BITCODE = NO;
				IPHONEOS_DEPLOYMENT_TARGET = 8.0;
				OTHER_LDFLAGS = "-ObjC";
				PRODUCT_NAME = "$(TARGET_NAME)";
				SKIP_INSTALL = YES;
				TARGETED_DEVICE_FAMILY = "1,2";
				VALID_ARCHS = "armv7 arm64";
			};
			name = Debug;
		};
		84A3EBD6212EAC8100E22F69 /* Release */ = {
			isa = XCBuildConfiguration;
			buildSettings = {
				ARCHS = "$(ARCHS_STANDARD)";
				CODE_SIGN_STYLE = Automatic;
				ENABLE_BITCODE = NO;
				IPHONEOS_DEPLOYMENT_TARGET = 8.0;
				ONLY_ACTIVE_ARCH = NO;
				OTHER_LDFLAGS = "-ObjC";
				PRODUCT_NAME = "$(TARGET_NAME)";
				SKIP_INSTALL = YES;
				TARGETED_DEVICE_FAMILY = "1,2";
				VALID_ARCHS = "armv7 arm64";
			};
			name = Release;
		};
/* End XCBuildConfiguration section */

/* Begin XCConfigurationList section */
		84A3EBC6212EAC8100E22F69 /* Build configuration list for PBXProject "security-CoreFoundation" */ = {
			isa = XCConfigurationList;
			buildConfigurations = (
				84A3EBD2212EAC8100E22F69 /* Debug */,
				84A3EBD3212EAC8100E22F69 /* Release */,
			);
			defaultConfigurationIsVisible = 0;
			defaultConfigurationName = Release;
		};
		84A3EBD4212EAC8100E22F69 /* Build configuration list for PBXNativeTarget "security-CoreFoundation" */ = {
			isa = XCConfigurationList;
			buildConfigurations = (
				84A3EBD5212EAC8100E22F69 /* Debug */,
				84A3EBD6212EAC8100E22F69 /* Release */,
			);
			defaultConfigurationIsVisible = 0;
			defaultConfigurationName = Release;
		};
/* End XCConfigurationList section */
	};
	rootObject = 84A3EBC3212EAC8100E22F69 /* Project object */;
}
